
Microsoft Visual Studio Solution File, Format Version 12.00
# Visual Studio Version 17
VisualStudioVersion = 17.0.31903.59
MinimumVisualStudioVersion = 10.0.40219.1
Project("{9A19103F-16F7-4668-BE54-9A1E7A4F7556}") = "001UsoAvanzadoDeSwitch", "001UsoAvanzadoDeSwitch\001UsoAvanzadoDeSwitch.csproj", "{A70E2A17-4321-42E4-8CB2-1A6F9FF1A70C}"
EndProject
Project("{9A19103F-16F7-4668-BE54-9A1E7A4F7556}") = "002ArgumentosDeLineaDeComandos", "002ArgumentosDeLineaDeComandos\002ArgumentosDeLineaDeComandos.csproj", "{403706F4-212C-441E-A73F-AA3E4D31E8FC}"
EndProject
Project("{9A19103F-16F7-4668-BE54-9A1E7A4F7556}") = "003OptimizacionDeIfUsandoK-maps", "003OptimizacionDeIfUsandoK-maps\003OptimizacionDeIfUsandoK-maps.csproj", "{58E34D71-F58D-4F15-9D33-C9094D77A336}"
EndProject
Project("{9A19103F-16F7-4668-BE54-9A1E7A4F7556}") = "006FormatoEnWrite y WriteLine", "006FormatoEnWrite y WriteLine\006FormatoEnWrite y WriteLine.csproj", "{CBC59CEA-0CE9-4022-B8D5-F6CC95AD066C}"
EndProject
Project("{9A19103F-16F7-4668-BE54-9A1E7A4F7556}") = "007Const y ReadOnly", "007Const y ReadOnly\007Const y ReadOnly.csproj", "{5908D6F1-93CC-4869-A8D2-E1F71B713F82}"
EndProject
Project("{9A19103F-16F7-4668-BE54-9A1E7A4F7556}") = "008EntendiendoStatic", "008EntendiendoStatic\008EntendiendoStatic.csproj", "{BF114B94-7711-4C21-94C2-1D6DF24CDE09}"
EndProject
Project("{9A19103F-16F7-4668-BE54-9A1E7A4F7556}") = "009Modificadores de parametros de metodos", "009Modificadores de parametros de metodos\009Modificadores de parametros de metodos.csproj", "{E5050C9B-AF07-44BB-A1CA-3F683CD7FDC4}"
EndProject
Project("{9A19103F-16F7-4668-BE54-9A1E7A4F7556}") = "010Boxing y Unboxing", "010Boxing y Unboxing\010Boxing y Unboxing.csproj", "{804A66EF-4239-4E48-95FF-B74859384086}"
EndProject
Project("{9A19103F-16F7-4668-BE54-9A1E7A4F7556}") = "011 Uso de random", "011 Uso de random\011 Uso de random.csproj", "{D203B8DB-65D3-43D0-BFEA-15EC18ECA49E}"
EndProject
Project("{9A19103F-16F7-4668-BE54-9A1E7A4F7556}") = "012 Arreglos Jagged", "012 Arreglos Jagged\012 Arreglos Jagged.csproj", "{74F6FD25-65B8-4281-AB6A-3CCF473FD7BD}"
EndProject
Project("{9A19103F-16F7-4668-BE54-9A1E7A4F7556}") = "013 Uso de foreach", "13 Uso de foreach\013 Uso de foreach.csproj", "{E282A463-2F38-4B89-B5DE-BE442ABC6A8A}"
EndProject
Project("{9A19103F-16F7-4668-BE54-9A1E7A4F7556}") = "014Arreglo como parametro", "014Arreglo como parametro\014Arreglo como parametro.csproj", "{2497CB63-E2F3-41B0-8455-3D9B7124631E}"
EndProject
Project("{9A19103F-16F7-4668-BE54-9A1E7A4F7556}") = "015 Paso por copia y por referencia", "015 Paso por copia y por referencia\015 Paso por copia y por referencia.csproj", "{DD0EB83F-4C49-40CF-AF4B-292E88F8D709}"
EndProject
Project("{9A19103F-16F7-4668-BE54-9A1E7A4F7556}") = "016 Enumeraciones", "016 Enumeraciones\016 Enumeraciones.csproj", "{896AE9C0-A85E-4B81-A9CD-C79D570C9F80}"
EndProject
Project("{9A19103F-16F7-4668-BE54-9A1E7A4F7556}") = "017 Entendiendo la clase Object", "017 Entendiendo la clase Object\017 Entendiendo la clase Object.csproj", "{43206019-8036-4227-AF9D-7428F7E57004}"
EndProject
Project("{9A19103F-16F7-4668-BE54-9A1E7A4F7556}") = "018 Override a Object", "018 Override a Object\018 Override a Object.csproj", "{B745343F-5FE3-4A1E-B260-D05200FD5D95}"
EndProject
Project("{9A19103F-16F7-4668-BE54-9A1E7A4F7556}") = "019 La clase Char", "019 La clase Char\019 La clase Char.csproj", "{B3E478C7-F360-4039-BF5E-3AD22169460C}"
EndProject
Project("{9A19103F-16F7-4668-BE54-9A1E7A4F7556}") = "020 Uso de la clase string", "020 Uso de la clase string\020 Uso de la clase string.csproj", "{E76C8DBE-3E30-437E-832F-241F508332A2}"
EndProject
Project("{9A19103F-16F7-4668-BE54-9A1E7A4F7556}") = "021 Uso avanzado de for", "021 Uso avanzado de for\021 Uso avanzado de for.csproj", "{BAB73411-EA80-4EF4-8183-FEEBAAF739D5}"
EndProject
Project("{9A19103F-16F7-4668-BE54-9A1E7A4F7556}") = "022 Propiedades automaticas", "022 Propiedades automaticas\022 Propiedades automaticas.csproj", "{55052A3E-6BA6-494B-8B11-D74925E673D7}"
EndProject
Project("{9A19103F-16F7-4668-BE54-9A1E7A4F7556}") = "023 Operador ternario", "023 Operador ternario\023 Operador ternario.csproj", "{5D7A9DF7-1D4C-4A85-8A53-92DB0C920040}"
EndProject
Project("{9A19103F-16F7-4668-BE54-9A1E7A4F7556}") = "024 Operadores de Null", "024 Operadores de Null\024 Operadores de Null.csproj", "{CAE33C7A-2158-422C-8BBD-15DB16AD163F}"
EndProject
Project("{FAE04EC0-301F-11D3-BF4B-00C04F79EFBC}") = "025 Verbatim e interpolacion", "025 Verbatim e interpolacion\025 Verbatim e interpolacion.csproj", "{269EE6B0-07CE-4891-AC60-08E3683E62E9}"
EndProject
Global
	GlobalSection(SolutionConfigurationPlatforms) = preSolution
		Debug|Any CPU = Debug|Any CPU
		Release|Any CPU = Release|Any CPU
	EndGlobalSection
	GlobalSection(ProjectConfigurationPlatforms) = postSolution
		{A70E2A17-4321-42E4-8CB2-1A6F9FF1A70C}.Debug|Any CPU.ActiveCfg = Debug|Any CPU
		{A70E2A17-4321-42E4-8CB2-1A6F9FF1A70C}.Debug|Any CPU.Build.0 = Debug|Any CPU
		{A70E2A17-4321-42E4-8CB2-1A6F9FF1A70C}.Release|Any CPU.ActiveCfg = Release|Any CPU
		{A70E2A17-4321-42E4-8CB2-1A6F9FF1A70C}.Release|Any CPU.Build.0 = Release|Any CPU
		{403706F4-212C-441E-A73F-AA3E4D31E8FC}.Debug|Any CPU.ActiveCfg = Debug|Any CPU
		{403706F4-212C-441E-A73F-AA3E4D31E8FC}.Debug|Any CPU.Build.0 = Debug|Any CPU
		{403706F4-212C-441E-A73F-AA3E4D31E8FC}.Release|Any CPU.ActiveCfg = Release|Any CPU
		{403706F4-212C-441E-A73F-AA3E4D31E8FC}.Release|Any CPU.Build.0 = Release|Any CPU
		{58E34D71-F58D-4F15-9D33-C9094D77A336}.Debug|Any CPU.ActiveCfg = Debug|Any CPU
		{58E34D71-F58D-4F15-9D33-C9094D77A336}.Debug|Any CPU.Build.0 = Debug|Any CPU
		{58E34D71-F58D-4F15-9D33-C9094D77A336}.Release|Any CPU.ActiveCfg = Release|Any CPU
		{58E34D71-F58D-4F15-9D33-C9094D77A336}.Release|Any CPU.Build.0 = Release|Any CPU
		{CBC59CEA-0CE9-4022-B8D5-F6CC95AD066C}.Debug|Any CPU.ActiveCfg = Debug|Any CPU
		{CBC59CEA-0CE9-4022-B8D5-F6CC95AD066C}.Debug|Any CPU.Build.0 = Debug|Any CPU
		{CBC59CEA-0CE9-4022-B8D5-F6CC95AD066C}.Release|Any CPU.ActiveCfg = Release|Any CPU
		{CBC59CEA-0CE9-4022-B8D5-F6CC95AD066C}.Release|Any CPU.Build.0 = Release|Any CPU
		{5908D6F1-93CC-4869-A8D2-E1F71B713F82}.Debug|Any CPU.ActiveCfg = Debug|Any CPU
		{5908D6F1-93CC-4869-A8D2-E1F71B713F82}.Debug|Any CPU.Build.0 = Debug|Any CPU
		{5908D6F1-93CC-4869-A8D2-E1F71B713F82}.Release|Any CPU.ActiveCfg = Release|Any CPU
		{5908D6F1-93CC-4869-A8D2-E1F71B713F82}.Release|Any CPU.Build.0 = Release|Any CPU
		{BF114B94-7711-4C21-94C2-1D6DF24CDE09}.Debug|Any CPU.ActiveCfg = Debug|Any CPU
		{BF114B94-7711-4C21-94C2-1D6DF24CDE09}.Debug|Any CPU.Build.0 = Debug|Any CPU
		{BF114B94-7711-4C21-94C2-1D6DF24CDE09}.Release|Any CPU.ActiveCfg = Release|Any CPU
		{BF114B94-7711-4C21-94C2-1D6DF24CDE09}.Release|Any CPU.Build.0 = Release|Any CPU
		{E5050C9B-AF07-44BB-A1CA-3F683CD7FDC4}.Debug|Any CPU.ActiveCfg = Debug|Any CPU
		{E5050C9B-AF07-44BB-A1CA-3F683CD7FDC4}.Debug|Any CPU.Build.0 = Debug|Any CPU
		{E5050C9B-AF07-44BB-A1CA-3F683CD7FDC4}.Release|Any CPU.ActiveCfg = Release|Any CPU
		{E5050C9B-AF07-44BB-A1CA-3F683CD7FDC4}.Release|Any CPU.Build.0 = Release|Any CPU
		{804A66EF-4239-4E48-95FF-B74859384086}.Debug|Any CPU.ActiveCfg = Debug|Any CPU
		{804A66EF-4239-4E48-95FF-B74859384086}.Debug|Any CPU.Build.0 = Debug|Any CPU
		{804A66EF-4239-4E48-95FF-B74859384086}.Release|Any CPU.ActiveCfg = Release|Any CPU
		{804A66EF-4239-4E48-95FF-B74859384086}.Release|Any CPU.Build.0 = Release|Any CPU
		{D203B8DB-65D3-43D0-BFEA-15EC18ECA49E}.Debug|Any CPU.ActiveCfg = Debug|Any CPU
		{D203B8DB-65D3-43D0-BFEA-15EC18ECA49E}.Debug|Any CPU.Build.0 = Debug|Any CPU
		{D203B8DB-65D3-43D0-BFEA-15EC18ECA49E}.Release|Any CPU.ActiveCfg = Release|Any CPU
		{D203B8DB-65D3-43D0-BFEA-15EC18ECA49E}.Release|Any CPU.Build.0 = Release|Any CPU
		{74F6FD25-65B8-4281-AB6A-3CCF473FD7BD}.Debug|Any CPU.ActiveCfg = Debug|Any CPU
		{74F6FD25-65B8-4281-AB6A-3CCF473FD7BD}.Debug|Any CPU.Build.0 = Debug|Any CPU
		{74F6FD25-65B8-4281-AB6A-3CCF473FD7BD}.Release|Any CPU.ActiveCfg = Release|Any CPU
		{74F6FD25-65B8-4281-AB6A-3CCF473FD7BD}.Release|Any CPU.Build.0 = Release|Any CPU
		{E282A463-2F38-4B89-B5DE-BE442ABC6A8A}.Debug|Any CPU.ActiveCfg = Debug|Any CPU
		{E282A463-2F38-4B89-B5DE-BE442ABC6A8A}.Debug|Any CPU.Build.0 = Debug|Any CPU
		{E282A463-2F38-4B89-B5DE-BE442ABC6A8A}.Release|Any CPU.ActiveCfg = Release|Any CPU
		{E282A463-2F38-4B89-B5DE-BE442ABC6A8A}.Release|Any CPU.Build.0 = Release|Any CPU
		{2497CB63-E2F3-41B0-8455-3D9B7124631E}.Debug|Any CPU.ActiveCfg = Debug|Any CPU
		{2497CB63-E2F3-41B0-8455-3D9B7124631E}.Debug|Any CPU.Build.0 = Debug|Any CPU
		{2497CB63-E2F3-41B0-8455-3D9B7124631E}.Release|Any CPU.ActiveCfg = Release|Any CPU
		{2497CB63-E2F3-41B0-8455-3D9B7124631E}.Release|Any CPU.Build.0 = Release|Any CPU
		{DD0EB83F-4C49-40CF-AF4B-292E88F8D709}.Debug|Any CPU.ActiveCfg = Debug|Any CPU
		{DD0EB83F-4C49-40CF-AF4B-292E88F8D709}.Debug|Any CPU.Build.0 = Debug|Any CPU
		{DD0EB83F-4C49-40CF-AF4B-292E88F8D709}.Release|Any CPU.ActiveCfg = Release|Any CPU
		{DD0EB83F-4C49-40CF-AF4B-292E88F8D709}.Release|Any CPU.Build.0 = Release|Any CPU
		{896AE9C0-A85E-4B81-A9CD-C79D570C9F80}.Debug|Any CPU.ActiveCfg = Debug|Any CPU
		{896AE9C0-A85E-4B81-A9CD-C79D570C9F80}.Debug|Any CPU.Build.0 = Debug|Any CPU
		{896AE9C0-A85E-4B81-A9CD-C79D570C9F80}.Release|Any CPU.ActiveCfg = Release|Any CPU
		{896AE9C0-A85E-4B81-A9CD-C79D570C9F80}.Release|Any CPU.Build.0 = Release|Any CPU
		{43206019-8036-4227-AF9D-7428F7E57004}.Debug|Any CPU.ActiveCfg = Debug|Any CPU
		{43206019-8036-4227-AF9D-7428F7E57004}.Debug|Any CPU.Build.0 = Debug|Any CPU
		{43206019-8036-4227-AF9D-7428F7E57004}.Release|Any CPU.ActiveCfg = Release|Any CPU
		{43206019-8036-4227-AF9D-7428F7E57004}.Release|Any CPU.Build.0 = Release|Any CPU
		{B745343F-5FE3-4A1E-B260-D05200FD5D95}.Debug|Any CPU.ActiveCfg = Debug|Any CPU
		{B745343F-5FE3-4A1E-B260-D05200FD5D95}.Debug|Any CPU.Build.0 = Debug|Any CPU
		{B745343F-5FE3-4A1E-B260-D05200FD5D95}.Release|Any CPU.ActiveCfg = Release|Any CPU
		{B745343F-5FE3-4A1E-B260-D05200FD5D95}.Release|Any CPU.Build.0 = Release|Any CPU
		{B3E478C7-F360-4039-BF5E-3AD22169460C}.Debug|Any CPU.ActiveCfg = Debug|Any CPU
		{B3E478C7-F360-4039-BF5E-3AD22169460C}.Debug|Any CPU.Build.0 = Debug|Any CPU
		{B3E478C7-F360-4039-BF5E-3AD22169460C}.Release|Any CPU.ActiveCfg = Release|Any CPU
		{B3E478C7-F360-4039-BF5E-3AD22169460C}.Release|Any CPU.Build.0 = Release|Any CPU
		{E76C8DBE-3E30-437E-832F-241F508332A2}.Debug|Any CPU.ActiveCfg = Debug|Any CPU
		{E76C8DBE-3E30-437E-832F-241F508332A2}.Debug|Any CPU.Build.0 = Debug|Any CPU
		{E76C8DBE-3E30-437E-832F-241F508332A2}.Release|Any CPU.ActiveCfg = Release|Any CPU
		{E76C8DBE-3E30-437E-832F-241F508332A2}.Release|Any CPU.Build.0 = Release|Any CPU
		{BAB73411-EA80-4EF4-8183-FEEBAAF739D5}.Debug|Any CPU.ActiveCfg = Debug|Any CPU
		{BAB73411-EA80-4EF4-8183-FEEBAAF739D5}.Debug|Any CPU.Build.0 = Debug|Any CPU
		{BAB73411-EA80-4EF4-8183-FEEBAAF739D5}.Release|Any CPU.ActiveCfg = Release|Any CPU
		{BAB73411-EA80-4EF4-8183-FEEBAAF739D5}.Release|Any CPU.Build.0 = Release|Any CPU
		{55052A3E-6BA6-494B-8B11-D74925E673D7}.Debug|Any CPU.ActiveCfg = Debug|Any CPU
		{55052A3E-6BA6-494B-8B11-D74925E673D7}.Debug|Any CPU.Build.0 = Debug|Any CPU
		{55052A3E-6BA6-494B-8B11-D74925E673D7}.Release|Any CPU.ActiveCfg = Release|Any CPU
		{55052A3E-6BA6-494B-8B11-D74925E673D7}.Release|Any CPU.Build.0 = Release|Any CPU
		{5D7A9DF7-1D4C-4A85-8A53-92DB0C920040}.Debug|Any CPU.ActiveCfg = Debug|Any CPU
		{5D7A9DF7-1D4C-4A85-8A53-92DB0C920040}.Debug|Any CPU.Build.0 = Debug|Any CPU
		{5D7A9DF7-1D4C-4A85-8A53-92DB0C920040}.Release|Any CPU.ActiveCfg = Release|Any CPU
		{5D7A9DF7-1D4C-4A85-8A53-92DB0C920040}.Release|Any CPU.Build.0 = Release|Any CPU
		{CAE33C7A-2158-422C-8BBD-15DB16AD163F}.Debug|Any CPU.ActiveCfg = Debug|Any CPU
		{CAE33C7A-2158-422C-8BBD-15DB16AD163F}.Debug|Any CPU.Build.0 = Debug|Any CPU
		{CAE33C7A-2158-422C-8BBD-15DB16AD163F}.Release|Any CPU.ActiveCfg = Release|Any CPU
		{CAE33C7A-2158-422C-8BBD-15DB16AD163F}.Release|Any CPU.Build.0 = Release|Any CPU
		{269EE6B0-07CE-4891-AC60-08E3683E62E9}.Debug|Any CPU.ActiveCfg = Debug|Any CPU
		{269EE6B0-07CE-4891-AC60-08E3683E62E9}.Debug|Any CPU.Build.0 = Debug|Any CPU
		{269EE6B0-07CE-4891-AC60-08E3683E62E9}.Release|Any CPU.ActiveCfg = Release|Any CPU
		{269EE6B0-07CE-4891-AC60-08E3683E62E9}.Release|Any CPU.Build.0 = Release|Any CPU
	EndGlobalSection
	GlobalSection(SolutionProperties) = preSolution
		HideSolutionNode = FALSE
	EndGlobalSection
	GlobalSection(ExtensibilityGlobals) = postSolution
		SolutionGuid = {1BA56DA9-4380-463A-9586-2BE5D037AE27}
	EndGlobalSection
EndGlobal
