
Microsoft Visual Studio Solution File, Format Version 12.00
# Visual Studio Version 17
VisualStudioVersion = 17.0.31903.59
MinimumVisualStudioVersion = 10.0.40219.1
Project("{9A19103F-16F7-4668-BE54-9A1E7A4F7556}") = "001UsoAvanzadoDeSwitch", "001UsoAvanzadoDeSwitch\001UsoAvanzadoDeSwitch.csproj", "{A70E2A17-4321-42E4-8CB2-1A6F9FF1A70C}"
EndProject
Project("{9A19103F-16F7-4668-BE54-9A1E7A4F7556}") = "002ArgumentosDeLineaDeComandos", "002ArgumentosDeLineaDeComandos\002ArgumentosDeLineaDeComandos.csproj", "{403706F4-212C-441E-A73F-AA3E4D31E8FC}"
EndProject
Project("{9A19103F-16F7-4668-BE54-9A1E7A4F7556}") = "003OptimizacionDeIfUsandoK-maps", "003OptimizacionDeIfUsandoK-maps\003OptimizacionDeIfUsandoK-maps.csproj", "{58E34D71-F58D-4F15-9D33-C9094D77A336}"
EndProject
Project("{9A19103F-16F7-4668-BE54-9A1E7A4F7556}") = "006FormatoEnWrite y WriteLine", "006FormatoEnWrite y WriteLine\006FormatoEnWrite y WriteLine.csproj", "{CBC59CEA-0CE9-4022-B8D5-F6CC95AD066C}"
EndProject
Project("{9A19103F-16F7-4668-BE54-9A1E7A4F7556}") = "007Const y ReadOnly", "007Const y ReadOnly\007Const y ReadOnly.csproj", "{5908D6F1-93CC-4869-A8D2-E1F71B713F82}"
EndProject
Project("{9A19103F-16F7-4668-BE54-9A1E7A4F7556}") = "008EntendiendoStatic", "008EntendiendoStatic\008EntendiendoStatic.csproj", "{BF114B94-7711-4C21-94C2-1D6DF24CDE09}"
EndProject
Project("{9A19103F-16F7-4668-BE54-9A1E7A4F7556}") = "009Modificadores de parametros de metodos", "009Modificadores de parametros de metodos\009Modificadores de parametros de metodos.csproj", "{E5050C9B-AF07-44BB-A1CA-3F683CD7FDC4}"
EndProject
Project("{9A19103F-16F7-4668-BE54-9A1E7A4F7556}") = "010Boxing y Unboxing", "010Boxing y Unboxing\010Boxing y Unboxing.csproj", "{804A66EF-4239-4E48-95FF-B74859384086}"
EndProject
Project("{FAE04EC0-301F-11D3-BF4B-00C04F79EFBC}") = "011 Uso de random", "011 Uso de random\011 Uso de random.csproj", "{D203B8DB-65D3-43D0-BFEA-15EC18ECA49E}"
EndProject
Global
	GlobalSection(SolutionConfigurationPlatforms) = preSolution
		Debug|Any CPU = Debug|Any CPU
		Release|Any CPU = Release|Any CPU
	EndGlobalSection
	GlobalSection(ProjectConfigurationPlatforms) = postSolution
		{A70E2A17-4321-42E4-8CB2-1A6F9FF1A70C}.Debug|Any CPU.ActiveCfg = Debug|Any CPU
		{A70E2A17-4321-42E4-8CB2-1A6F9FF1A70C}.Debug|Any CPU.Build.0 = Debug|Any CPU
		{A70E2A17-4321-42E4-8CB2-1A6F9FF1A70C}.Release|Any CPU.ActiveCfg = Release|Any CPU
		{A70E2A17-4321-42E4-8CB2-1A6F9FF1A70C}.Release|Any CPU.Build.0 = Release|Any CPU
		{403706F4-212C-441E-A73F-AA3E4D31E8FC}.Debug|Any CPU.ActiveCfg = Debug|Any CPU
		{403706F4-212C-441E-A73F-AA3E4D31E8FC}.Debug|Any CPU.Build.0 = Debug|Any CPU
		{403706F4-212C-441E-A73F-AA3E4D31E8FC}.Release|Any CPU.ActiveCfg = Release|Any CPU
		{403706F4-212C-441E-A73F-AA3E4D31E8FC}.Release|Any CPU.Build.0 = Release|Any CPU
		{58E34D71-F58D-4F15-9D33-C9094D77A336}.Debug|Any CPU.ActiveCfg = Debug|Any CPU
		{58E34D71-F58D-4F15-9D33-C9094D77A336}.Debug|Any CPU.Build.0 = Debug|Any CPU
		{58E34D71-F58D-4F15-9D33-C9094D77A336}.Release|Any CPU.ActiveCfg = Release|Any CPU
		{58E34D71-F58D-4F15-9D33-C9094D77A336}.Release|Any CPU.Build.0 = Release|Any CPU
		{CBC59CEA-0CE9-4022-B8D5-F6CC95AD066C}.Debug|Any CPU.ActiveCfg = Debug|Any CPU
		{CBC59CEA-0CE9-4022-B8D5-F6CC95AD066C}.Debug|Any CPU.Build.0 = Debug|Any CPU
		{CBC59CEA-0CE9-4022-B8D5-F6CC95AD066C}.Release|Any CPU.ActiveCfg = Release|Any CPU
		{CBC59CEA-0CE9-4022-B8D5-F6CC95AD066C}.Release|Any CPU.Build.0 = Release|Any CPU
		{5908D6F1-93CC-4869-A8D2-E1F71B713F82}.Debug|Any CPU.ActiveCfg = Debug|Any CPU
		{5908D6F1-93CC-4869-A8D2-E1F71B713F82}.Debug|Any CPU.Build.0 = Debug|Any CPU
		{5908D6F1-93CC-4869-A8D2-E1F71B713F82}.Release|Any CPU.ActiveCfg = Release|Any CPU
		{5908D6F1-93CC-4869-A8D2-E1F71B713F82}.Release|Any CPU.Build.0 = Release|Any CPU
		{BF114B94-7711-4C21-94C2-1D6DF24CDE09}.Debug|Any CPU.ActiveCfg = Debug|Any CPU
		{BF114B94-7711-4C21-94C2-1D6DF24CDE09}.Debug|Any CPU.Build.0 = Debug|Any CPU
		{BF114B94-7711-4C21-94C2-1D6DF24CDE09}.Release|Any CPU.ActiveCfg = Release|Any CPU
		{BF114B94-7711-4C21-94C2-1D6DF24CDE09}.Release|Any CPU.Build.0 = Release|Any CPU
		{E5050C9B-AF07-44BB-A1CA-3F683CD7FDC4}.Debug|Any CPU.ActiveCfg = Debug|Any CPU
		{E5050C9B-AF07-44BB-A1CA-3F683CD7FDC4}.Debug|Any CPU.Build.0 = Debug|Any CPU
		{E5050C9B-AF07-44BB-A1CA-3F683CD7FDC4}.Release|Any CPU.ActiveCfg = Release|Any CPU
		{E5050C9B-AF07-44BB-A1CA-3F683CD7FDC4}.Release|Any CPU.Build.0 = Release|Any CPU
		{804A66EF-4239-4E48-95FF-B74859384086}.Debug|Any CPU.ActiveCfg = Debug|Any CPU
		{804A66EF-4239-4E48-95FF-B74859384086}.Debug|Any CPU.Build.0 = Debug|Any CPU
		{804A66EF-4239-4E48-95FF-B74859384086}.Release|Any CPU.ActiveCfg = Release|Any CPU
		{804A66EF-4239-4E48-95FF-B74859384086}.Release|Any CPU.Build.0 = Release|Any CPU
		{D203B8DB-65D3-43D0-BFEA-15EC18ECA49E}.Debug|Any CPU.ActiveCfg = Debug|Any CPU
		{D203B8DB-65D3-43D0-BFEA-15EC18ECA49E}.Debug|Any CPU.Build.0 = Debug|Any CPU
		{D203B8DB-65D3-43D0-BFEA-15EC18ECA49E}.Release|Any CPU.ActiveCfg = Release|Any CPU
		{D203B8DB-65D3-43D0-BFEA-15EC18ECA49E}.Release|Any CPU.Build.0 = Release|Any CPU
	EndGlobalSection
	GlobalSection(SolutionProperties) = preSolution
		HideSolutionNode = FALSE
	EndGlobalSection
	GlobalSection(ExtensibilityGlobals) = postSolution
		SolutionGuid = {1BA56DA9-4380-463A-9586-2BE5D037AE27}
	EndGlobalSection
EndGlobal
